{
  "name": "Site-Liga",
  "lockfileVersion": 3,
  "requires": true,
  "packages": {
    "": {
      "dependencies": {
        "i18next": "^23.10.1",
        "i18next-xhr-backend": "^3.2.2",
        "jquery": "^3.7.1"
      }
    },
    "node_modules/@babel/runtime": {
      "version": "7.24.1",
      "resolved": "https://registry.npmjs.org/@babel/runtime/-/runtime-7.24.1.tgz",
      "integrity": "sha512-+BIznRzyqBf+2wCTxcKE3wDjfGeCoVE61KSHGpkzqrLi8qxqFwBeUFyId2cxkTmm55fzDGnm0+yCxaxygrLUnQ==",
      "dependencies": {
        "regenerator-runtime": "^0.14.0"
      },
      "engines": {
        "node": ">=6.9.0"
      }
    },
    "node_modules/i18next": {
      "version": "23.10.1",
      "resolved": "https://registry.npmjs.org/i18next/-/i18next-23.10.1.tgz",
      "integrity": "sha512-NDiIzFbcs3O9PXpfhkjyf7WdqFn5Vq6mhzhtkXzj51aOcNuPNcTwuYNuXCpHsanZGHlHKL35G7huoFeVic1hng==",
      "funding": [
        {
          "type": "individual",
          "url": "https://locize.com"
        },
        {
          "type": "individual",
          "url": "https://locize.com/i18next.html"
        },
        {
          "type": "individual",
          "url": "https://www.i18next.com/how-to/faq#i18next-is-awesome.-how-can-i-support-the-project"
        }
      ],
      "dependencies": {
        "@babel/runtime": "^7.23.2"
      }
    },
    "node_modules/i18next-xhr-backend": {
      "version": "3.2.2",
      "resolved": "https://registry.npmjs.org/i18next-xhr-backend/-/i18next-xhr-backend-3.2.2.tgz",
      "integrity": "sha512-OtRf2Vo3IqAxsttQbpjYnmMML12IMB5e0fc5B7qKJFLScitYaXa1OhMX0n0X/3vrfFlpHL9Ro/H+ps4Ej2j7QQ==",
      "deprecated": "replaced by i18next-http-backend",
      "dependencies": {
        "@babel/runtime": "^7.5.5"
      }
    },
    "node_modules/jquery": {
      "version": "3.7.1",
      "resolved": "https://registry.npmjs.org/jquery/-/jquery-3.7.1.tgz",
      "integrity": "sha512-m4avr8yL8kmFN8psrbFFFmB/If14iN5o9nw/NgnnM+kybDJpRsAynV2BsfpTYrTRysYUdADVD7CkUUizgkpLfg=="
    },
    "node_modules/regenerator-runtime": {
      "version": "0.14.1",
      "resolved": "https://registry.npmjs.org/regenerator-runtime/-/regenerator-runtime-0.14.1.tgz",
      "integrity": "sha512-dYnhHh0nJoMfnkZs6GmmhFknAGRrLznOu5nc9ML+EJxGvrx6H7teuevqVqCuPcPK//3eDrrjQhehXVx9cnkGdw=="
    }
  }
}
